// !$*UTF8*$!
{
	archiveVersion = 1;
	classes = {
	};
	objectVersion = 50;
	objects = {

/* Begin PBXBuildFile section */
		3087602C2262BE6C00553658 /* AppDelegate.swift in Sources */ = {isa = PBXBuildFile; fileRef = 3087602B2262BE6C00553658 /* AppDelegate.swift */; };
		3087602E2262BE6C00553658 /* ViewController.swift in Sources */ = {isa = PBXBuildFile; fileRef = 3087602D2262BE6C00553658 /* ViewController.swift */; };
		308760312262BE6C00553658 /* Main.storyboard in Resources */ = {isa = PBXBuildFile; fileRef = 3087602F2262BE6C00553658 /* Main.storyboard */; };
		308760332262BE6C00553658 /* Assets.xcassets in Resources */ = {isa = PBXBuildFile; fileRef = 308760322262BE6C00553658 /* Assets.xcassets */; };
		308760362262BE6C00553658 /* LaunchScreen.storyboard in Resources */ = {isa = PBXBuildFile; fileRef = 308760342262BE6C00553658 /* LaunchScreen.storyboard */; };
		D0CF428175E3480798ACC93C /* Pods_SnapKitTutorial.framework in Frameworks */ = {isa = PBXBuildFile; fileRef = 63B1C86AD4D82F06F8F46C05 /* Pods_SnapKitTutorial.framework */; };
/* End PBXBuildFile section */

/* Begin PBXFileReference section */
		308760282262BE6C00553658 /* SnapKitTutorial.app */ = {isa = PBXFileReference; explicitFileType = wrapper.application; includeInIndex = 0; path = SnapKitTutorial.app; sourceTree = BUILT_PRODUCTS_DIR; };
		3087602B2262BE6C00553658 /* AppDelegate.swift */ = {isa = PBXFileReference; lastKnownFileType = sourcecode.swift; path = AppDelegate.swift; sourceTree = "<group>"; };
		3087602D2262BE6C00553658 /* ViewController.swift */ = {isa = PBXFileReference; lastKnownFileType = sourcecode.swift; path = ViewController.swift; sourceTree = "<group>"; };
		308760302262BE6C00553658 /* Base */ = {isa = PBXFileReference; lastKnownFileType = file.storyboard; name = Base; path = Base.lproj/Main.storyboard; sourceTree = "<group>"; };
		308760322262BE6C00553658 /* Assets.xcassets */ = {isa = PBXFileReference; lastKnownFileType = folder.assetcatalog; path = Assets.xcassets; sourceTree = "<group>"; };
		308760352262BE6C00553658 /* Base */ = {isa = PBXFileReference; lastKnownFileType = file.storyboard; name = Base; path = Base.lproj/LaunchScreen.storyboard; sourceTree = "<group>"; };
		308760372262BE6C00553658 /* Info.plist */ = {isa = PBXFileReference; lastKnownFileType = text.plist.xml; path = Info.plist; sourceTree = "<group>"; };
		63B1C86AD4D82F06F8F46C05 /* Pods_SnapKitTutorial.framework */ = {isa = PBXFileReference; explicitFileType = wrapper.framework; includeInIndex = 0; path = Pods_SnapKitTutorial.framework; sourceTree = BUILT_PRODUCTS_DIR; };
		B34F762623E4F2908ADECAEF /* Pods-SnapKitTutorial.release.xcconfig */ = {isa = PBXFileReference; includeInIndex = 1; lastKnownFileType = text.xcconfig; name = "Pods-SnapKitTutorial.release.xcconfig"; path = "Target Support Files/Pods-SnapKitTutorial/Pods-SnapKitTutorial.release.xcconfig"; sourceTree = "<group>"; };
		D149C81CB493FFFF3F9BFCEE /* Pods-SnapKitTutorial.debug.xcconfig */ = {isa = PBXFileReference; includeInIndex = 1; lastKnownFileType = text.xcconfig; name = "Pods-SnapKitTutorial.debug.xcconfig"; path = "Target Support Files/Pods-SnapKitTutorial/Pods-SnapKitTutorial.debug.xcconfig"; sourceTree = "<group>"; };
/* End PBXFileReference section */

/* Begin PBXFrameworksBuildPhase section */
		308760252262BE6C00553658 /* Frameworks */ = {
			isa = PBXFrameworksBuildPhase;
			buildActionMask = 2147483647;
			files = (
				D0CF428175E3480798ACC93C /* Pods_SnapKitTutorial.framework in Frameworks */,
			);
			runOnlyForDeploymentPostprocessing = 0;
		};
/* End PBXFrameworksBuildPhase section */

/* Begin PBXGroup section */
		2593A8234196C51390A37B6D /* Frameworks */ = {
			isa = PBXGroup;
			children = (
				63B1C86AD4D82F06F8F46C05 /* Pods_SnapKitTutorial.framework */,
			);
			name = Frameworks;
			sourceTree = "<group>";
		};
		3087601F2262BE6C00553658 = {
			isa = PBXGroup;
			children = (
				3087602A2262BE6C00553658 /* SnapKitTutorial */,
				308760292262BE6C00553658 /* Products */,
				AA375DA094DA31926BA70C05 /* Pods */,
				2593A8234196C51390A37B6D /* Frameworks */,
			);
			sourceTree = "<group>";
		};
		308760292262BE6C00553658 /* Products */ = {
			isa = PBXGroup;
			children = (
				308760282262BE6C00553658 /* SnapKitTutorial.app */,
			);
			name = Products;
			sourceTree = "<group>";
		};
		3087602A2262BE6C00553658 /* SnapKitTutorial */ = {
			isa = PBXGroup;
			children = (
				3087602B2262BE6C00553658 /* AppDelegate.swift */,
				3087602D2262BE6C00553658 /* ViewController.swift */,
				3087602F2262BE6C00553658 /* Main.storyboard */,
				308760322262BE6C00553658 /* Assets.xcassets */,
				308760342262BE6C00553658 /* LaunchScreen.storyboard */,
				308760372262BE6C00553658 /* Info.plist */,
			);
			path = SnapKitTutorial;
			sourceTree = "<group>";
		};
		AA375DA094DA31926BA70C05 /* Pods */ = {
			isa = PBXGroup;
			children = (
				D149C81CB493FFFF3F9BFCEE /* Pods-SnapKitTutorial.debug.xcconfig */,
				B34F762623E4F2908ADECAEF /* Pods-SnapKitTutorial.release.xcconfig */,
			);
			name = Pods;
			path = Pods;
			sourceTree = "<group>";
		};
/* End PBXGroup section */

/* Begin PBXNativeTarget section */
		308760272262BE6C00553658 /* SnapKitTutorial */ = {
			isa = PBXNativeTarget;
			buildConfigurationList = 3087603A2262BE6C00553658 /* Build configuration list for PBXNativeTarget "SnapKitTutorial" */;
			buildPhases = (
				01EE061C8C5F74E358AD793F /* [CP] Check Pods Manifest.lock */,
				308760242262BE6C00553658 /* Sources */,
				308760252262BE6C00553658 /* Frameworks */,
				308760262262BE6C00553658 /* Resources */,
				0434BE46F73E08A8AD08FB62 /* [CP] Embed Pods Frameworks */,
			);
			buildRules = (
			);
			dependencies = (
			);
			name = SnapKitTutorial;
			productName = SnapKitTutorial;
			productReference = 308760282262BE6C00553658 /* SnapKitTutorial.app */;
			productType = "com.apple.product-type.application";
		};
/* End PBXNativeTarget section */

/* Begin PBXProject section */
		308760202262BE6C00553658 /* Project object */ = {
			isa = PBXProject;
			attributes = {
				LastSwiftUpdateCheck = 1010;
				LastUpgradeCheck = 1010;
				ORGANIZATIONNAME = DuyBui;
				TargetAttributes = {
					308760272262BE6C00553658 = {
						CreatedOnToolsVersion = 10.1;
					};
				};
			};
			buildConfigurationList = 308760232262BE6C00553658 /* Build configuration list for PBXProject "SnapKitTutorial" */;
			compatibilityVersion = "Xcode 9.3";
			developmentRegion = en;
			hasScannedForEncodings = 0;
			knownRegions = (
				en,
				Base,
			);
			mainGroup = 3087601F2262BE6C00553658;
			productRefGroup = 308760292262BE6C00553658 /* Products */;
			projectDirPath = "";
			projectRoot = "";
			targets = (
				308760272262BE6C00553658 /* SnapKitTutorial */,
			);
		};
/* End PBXProject section */

/* Begin PBXResourcesBuildPhase section */
		308760262262BE6C00553658 /* Resources */ = {
			isa = PBXResourcesBuildPhase;
			buildActionMask = 2147483647;
			files = (
				308760362262BE6C00553658 /* LaunchScreen.storyboard in Resources */,
				308760332262BE6C00553658 /* Assets.xcassets in Resources */,
				308760312262BE6C00553658 /* Main.storyboard in Resources */,
			);
			runOnlyForDeploymentPostprocessing = 0;
		};
/* End PBXResourcesBuildPhase section */

/* Begin PBXShellScriptBuildPhase section */
		01EE061C8C5F74E358AD793F /* [CP] Check Pods Manifest.lock */ = {
			isa = PBXShellScriptBuildPhase;
			buildActionMask = 2147483647;
			files = (
			);
			inputFileListPaths = (
			);
			inputPaths = (
				"${PODS_PODFILE_DIR_PATH}/Podfile.lock",
				"${PODS_ROOT}/Manifest.lock",
			);
			name = "[CP] Check Pods Manifest.lock";
			outputFileListPaths = (
			);
			outputPaths = (
				"$(DERIVED_FILE_DIR)/Pods-SnapKitTutorial-checkManifestLockResult.txt",
			);
			runOnlyForDeploymentPostprocessing = 0;
			shellPath = /bin/sh;
			shellScript = "diff \"${PODS_PODFILE_DIR_PATH}/Podfile.lock\" \"${PODS_ROOT}/Manifest.lock\" > /dev/null\nif [ $? != 0 ] ; then\n    # print error to STDERR\n    echo \"error: The sandbox is not in sync with the Podfile.lock. Run 'pod install' or update your CocoaPods installation.\" >&2\n    exit 1\nfi\n# This output is used by Xcode 'outputs' to avoid re-running this script phase.\necho \"SUCCESS\" > \"${SCRIPT_OUTPUT_FILE_0}\"\n";
			showEnvVarsInLog = 0;
		};
		0434BE46F73E08A8AD08FB62 /* [CP] Embed Pods Frameworks */ = {
			isa = PBXShellScriptBuildPhase;
			buildActionMask = 2147483647;
			files = (
			);
			inputFileListPaths = (
			);
			inputPaths = (
				"${PODS_ROOT}/Target Support Files/Pods-SnapKitTutorial/Pods-SnapKitTutorial-frameworks.sh",
				"${BUILT_PRODUCTS_DIR}/SnapKit/SnapKit.framework",
			);
			name = "[CP] Embed Pods Frameworks";
			outputFileListPaths = (
			);
			outputPaths = (
				"${TARGET_BUILD_DIR}/${FRAMEWORKS_FOLDER_PATH}/SnapKit.framework",
			);
			runOnlyForDeploymentPostprocessing = 0;
			shellPath = /bin/sh;
			shellScript = "\"${PODS_ROOT}/Target Support Files/Pods-SnapKitTutorial/Pods-SnapKitTutorial-frameworks.sh\"\n";
			showEnvVarsInLog = 0;
		};
/* End PBXShellScriptBuildPhase section */

/* Begin PBXSourcesBuildPhase section */
		308760242262BE6C00553658 /* Sources */ = {
			isa = PBXSourcesBuildPhase;
			buildActionMask = 2147483647;
			files = (
				3087602E2262BE6C00553658 /* ViewController.swift in Sources */,
				3087602C2262BE6C00553658 /* AppDelegate.swift in Sources */,
			);
			runOnlyForDeploymentPostprocessing = 0;
		};
/* End PBXSourcesBuildPhase section */

/* Begin PBXVariantGroup section */
		3087602F2262BE6C00553658 /* Main.storyboard */ = {
			isa = PBXVariantGroup;
			children = (
				308760302262BE6C00553658 /* Base */,
			);
			name = Main.storyboard;
			sourceTree = "<group>";
		};
		308760342262BE6C00553658 /* LaunchScreen.storyboard */ = {
			isa = PBXVariantGroup;
			children = (
				308760352262BE6C00553658 /* Base */,
			);
			name = LaunchScreen.storyboard;
			sourceTree = "<group>";
		};
/* End PBXVariantGroup section */

/* Begin XCBuildConfiguration section */
		308760382262BE6C00553658 /* Debug */ = {
			isa = XCBuildConfiguration;
			buildSettings = {
				ALWAYS_SEARCH_USER_PATHS = NO;
				CLANG_ANALYZER_NONNULL = YES;
				CLANG_ANALYZER_NUMBER_OBJECT_CONVERSION = YES_AGGRESSIVE;
				CLANG_CXX_LANGUAGE_STANDARD = "gnu++14";
				CLANG_CXX_LIBRARY = "libc++";
				CLANG_ENABLE_MODULES = YES;
				CLANG_ENABLE_OBJC_ARC = YES;
				CLANG_ENABLE_OBJC_WEAK = YES;
				CLANG_WARN_BLOCK_CAPTURE_AUTORELEASING = YES;
				CLANG_WARN_BOOL_CONVERSION = YES;
				CLANG_WARN_COMMA = YES;
				CLANG_WARN_CONSTANT_CONVERSION = YES;
				CLANG_WARN_DEPRECATED_OBJC_IMPLEMENTATIONS = YES;
				CLANG_WARN_DIRECT_OBJC_ISA_USAGE = YES_ERROR;
				CLANG_WARN_DOCUMENTATION_COMMENTS = YES;
				CLANG_WARN_EMPTY_BODY = YES;
				CLANG_WARN_ENUM_CONVERSION = YES;
				CLANG_WARN_INFINITE_RECURSION = YES;
				CLANG_WARN_INT_CONVERSION = YES;
				CLANG_WARN_NON_LITERAL_NULL_CONVERSION = YES;
				CLANG_WARN_OBJC_IMPLICIT_RETAIN_SELF = YES;
				CLANG_WARN_OBJC_LITERAL_CONVERSION = YES;
				CLANG_WARN_OBJC_ROOT_CLASS = YES_ERROR;
				CLANG_WARN_RANGE_LOOP_ANALYSIS = YES;
				CLANG_WARN_STRICT_PROTOTYPES = YES;
				CLANG_WARN_SUSPICIOUS_MOVE = YES;
				CLANG_WARN_UNGUARDED_AVAILABILITY = YES_AGGRESSIVE;
				CLANG_WARN_UNREACHABLE_CODE = YES;
				CLANG_WARN__DUPLICATE_METHOD_MATCH = YES;
				CODE_SIGN_IDENTITY = "iPhone Developer";
				COPY_PHASE_STRIP = NO;
				DEBUG_INFORMATION_FORMAT = dwarf;
				ENABLE_STRICT_OBJC_MSGSEND = YES;
				ENABLE_TESTABILITY = YES;
				GCC_C_LANGUAGE_STANDARD = gnu11;
				GCC_DYNAMIC_NO_PIC = NO;
				GCC_NO_COMMON_BLOCKS = YES;
				GCC_OPTIMIZATION_LEVEL = 0;
				GCC_PREPROCESSOR_DEFINITIONS = (
					"DEBUG=1",
					"$(inherited)",
				);
				GCC_WARN_64_TO_32_BIT_CONVERSION = YES;
				GCC_WARN_ABOUT_RETURN_TYPE = YES_ERROR;
				GCC_WARN_UNDECLARED_SELECTOR = YES;
				GCC_WARN_UNINITIALIZED_AUTOS = YES_AGGRESSIVE;
				GCC_WARN_UNUSED_FUNCTION = YES;
				GCC_WARN_UNUSED_VARIABLE = YES;
				IPHONEOS_DEPLOYMENT_TARGET = 12.1;
				MTL_ENABLE_DEBUG_INFO = INCLUDE_SOURCE;
				MTL_FAST_MATH = YES;
				ONLY_ACTIVE_ARCH = YES;
				SDKROOT = iphoneos;
				SWIFT_ACTIVE_COMPILATION_CONDITIONS = DEBUG;
				SWIFT_OPTIMIZATION_LEVEL = "-Onone";
			};
			name = Debug;
		};
		308760392262BE6C00553658 /* Release */ = {
			isa = XCBuildConfiguration;
			buildSettings = {
				ALWAYS_SEARCH_USER_PATHS = NO;
				CLANG_ANALYZER_NONNULL = YES;
				CLANG_ANALYZER_NUMBER_OBJECT_CONVERSION = YES_AGGRESSIVE;
				CLANG_CXX_LANGUAGE_STANDARD = "gnu++14";
				CLANG_CXX_LIBRARY = "libc++";
				CLANG_ENABLE_MODULES = YES;
				CLANG_ENABLE_OBJC_ARC = YES;
				CLANG_ENABLE_OBJC_WEAK = YES;
				CLANG_WARN_BLOCK_CAPTURE_AUTORELEASING = YES;
				CLANG_WARN_BOOL_CONVERSION = YES;
				CLANG_WARN_COMMA = YES;
				CLANG_WARN_CONSTANT_CONVERSION = YES;
				CLANG_WARN_DEPRECATED_OBJC_IMPLEMENTATIONS = YES;
				CLANG_WARN_DIRECT_OBJC_ISA_USAGE = YES_ERROR;
				CLANG_WARN_DOCUMENTATION_COMMENTS = YES;
				CLANG_WARN_EMPTY_BODY = YES;
				CLANG_WARN_ENUM_CONVERSION = YES;
				CLANG_WARN_INFINITE_RECURSION = YES;
				CLANG_WARN_INT_CONVERSION = YES;
				CLANG_WARN_NON_LITERAL_NULL_CONVERSION = YES;
				CLANG_WARN_OBJC_IMPLICIT_RETAIN_SELF = YES;
				CLANG_WARN_OBJC_LITERAL_CONVERSION = YES;
				CLANG_WARN_OBJC_ROOT_CLASS = YES_ERROR;
				CLANG_WARN_RANGE_LOOP_ANALYSIS = YES;
				CLANG_WARN_STRICT_PROTOTYPES = YES;
				CLANG_WARN_SUSPICIOUS_MOVE = YES;
				CLANG_WARN_UNGUARDED_AVAILABILITY = YES_AGGRESSIVE;
				CLANG_WARN_UNREACHABLE_CODE = YES;
				CLANG_WARN__DUPLICATE_METHOD_MATCH = YES;
				CODE_SIGN_IDENTITY = "iPhone Developer";
				COPY_PHASE_STRIP = NO;
				DEBUG_INFORMATION_FORMAT = "dwarf-with-dsym";
				ENABLE_NS_ASSERTIONS = NO;
				ENABLE_STRICT_OBJC_MSGSEND = YES;
				GCC_C_LANGUAGE_STANDARD = gnu11;
				GCC_NO_COMMON_BLOCKS = YES;
				GCC_WARN_64_TO_32_BIT_CONVERSION = YES;
				GCC_WARN_ABOUT_RETURN_TYPE = YES_ERROR;
				GCC_WARN_UNDECLARED_SELECTOR = YES;
				GCC_WARN_UNINITIALIZED_AUTOS = YES_AGGRESSIVE;
				GCC_WARN_UNUSED_FUNCTION = YES;
				GCC_WARN_UNUSED_VARIABLE = YES;
				IPHONEOS_DEPLOYMENT_TARGET = 12.1;
				MTL_ENABLE_DEBUG_INFO = NO;
				MTL_FAST_MATH = YES;
				SDKROOT = iphoneos;
				SWIFT_COMPILATION_MODE = wholemodule;
				SWIFT_OPTIMIZATION_LEVEL = "-O";
				VALIDATE_PRODUCT = YES;
			};
			name = Release;
		};
		3087603B2262BE6C00553658 /* Debug */ = {
			isa = XCBuildConfiguration;
			baseConfigurationReference = D149C81CB493FFFF3F9BFCEE /* Pods-SnapKitTutorial.debug.xcconfig */;
			buildSettings = {
				ASSETCATALOG_COMPILER_APPICON_NAME = AppIcon;
				CODE_SIGN_STYLE = Automatic;
				DEVELOPMENT_TEAM = 9TD674FJYT;
				INFOPLIST_FILE = SnapKitTutorial/Info.plist;
				LD_RUNPATH_SEARCH_PATHS = (
					"$(inherited)",
					"@executable_path/Frameworks",
				);
				PRODUCT_BUNDLE_IDENTIFIER = duybui.dev.ios.SnapKitTutorial;
				PRODUCT_NAME = "$(TARGET_NAME)";
				SWIFT_VERSION = 4.2;
				TARGETED_DEVICE_FAMILY = "1,2";
			};
			name = Debug;
		};
		3087603C2262BE6C00553658 /* Release */ = {
			isa = XCBuildConfiguration;
			baseConfigurationReference = B34F762623E4F2908ADECAEF /* Pods-SnapKitTutorial.release.xcconfig */;
			buildSettings = {
				ASSETCATALOG_COMPILER_APPICON_NAME = AppIcon;
				CODE_SIGN_STYLE = Automatic;
				DEVELOPMENT_TEAM = 9TD674FJYT;
				INFOPLIST_FILE = SnapKitTutorial/Info.plist;
				LD_RUNPATH_SEARCH_PATHS = (
					"$(inherited)",
					"@executable_path/Frameworks",
				);
				PRODUCT_BUNDLE_IDENTIFIER = duybui.dev.ios.SnapKitTutorial;
				PRODUCT_NAME = "$(TARGET_NAME)";
				SWIFT_VERSION = 4.2;
				TARGETED_DEVICE_FAMILY = "1,2";
			};
			name = Release;
		};
/* End XCBuildConfiguration section */

/* Begin XCConfigurationList section */
		308760232262BE6C00553658 /* Build configuration list for PBXProject "SnapKitTutorial" */ = {
			isa = XCConfigurationList;
			buildConfigurations = (
				308760382262BE6C00553658 /* Debug */,
				308760392262BE6C00553658 /* Release */,
			);
			defaultConfigurationIsVisible = 0;
			defaultConfigurationName = Release;
		};
		3087603A2262BE6C00553658 /* Build configuration list for PBXNativeTarget "SnapKitTutorial" */ = {
			isa = XCConfigurationList;
			buildConfigurations = (
				3087603B2262BE6C00553658 /* Debug */,
				3087603C2262BE6C00553658 /* Release */,
			);
			defaultConfigurationIsVisible = 0;
			defaultConfigurationName = Release;
		};
/* End XCConfigurationList section */
	};
	rootObject = 308760202262BE6C00553658 /* Project object */;
}
